
Microsoft Visual Studio Solution File, Format Version 12.00
# Visual Studio Version 17
VisualStudioVersion = 17.7.34202.233
MinimumVisualStudioVersion = 10.0.40219.1
Project("{FAE04EC0-301F-11D3-BF4B-00C04F79EFBC}") = "SRP", "SOLID\SRP.csproj", "{2F5F689E-AD38-4ED8-9868-E31CD1762CBD}"
EndProject
Project("{FAE04EC0-301F-11D3-BF4B-00C04F79EFBC}") = "OpenClose", "OpenClose\OpenClose.csproj", "{6E77D3F2-2A0D-4B72-A714-48584AC8A647}"
EndProject
Project("{FAE04EC0-301F-11D3-BF4B-00C04F79EFBC}") = "Liskov", "Liskov\Liskov.csproj", "{E29A0CA8-9031-4573-B535-6B36782B2C6D}"
EndProject
Project("{FAE04EC0-301F-11D3-BF4B-00C04F79EFBC}") = "Interface", "Interface\Interface.csproj", "{4F7EA332-D8D5-418A-B009-38370DD1F021}"
EndProject
Project("{FAE04EC0-301F-11D3-BF4B-00C04F79EFBC}") = "DependencyInversion", "DependencyInversion\DependencyInversion.csproj", "{1B238C01-3865-4AB6-A5E6-C080E648A68F}"
EndProject
Global
	GlobalSection(SolutionConfigurationPlatforms) = preSolution
		Debug|Any CPU = Debug|Any CPU
		Release|Any CPU = Release|Any CPU
	EndGlobalSection
	GlobalSection(ProjectConfigurationPlatforms) = postSolution
		{2F5F689E-AD38-4ED8-9868-E31CD1762CBD}.Debug|Any CPU.ActiveCfg = Debug|Any CPU
		{2F5F689E-AD38-4ED8-9868-E31CD1762CBD}.Debug|Any CPU.Build.0 = Debug|Any CPU
		{2F5F689E-AD38-4ED8-9868-E31CD1762CBD}.Release|Any CPU.ActiveCfg = Release|Any CPU
		{2F5F689E-AD38-4ED8-9868-E31CD1762CBD}.Release|Any CPU.Build.0 = Release|Any CPU
		{6E77D3F2-2A0D-4B72-A714-48584AC8A647}.Debug|Any CPU.ActiveCfg = Debug|Any CPU
		{6E77D3F2-2A0D-4B72-A714-48584AC8A647}.Debug|Any CPU.Build.0 = Debug|Any CPU
		{6E77D3F2-2A0D-4B72-A714-48584AC8A647}.Release|Any CPU.ActiveCfg = Release|Any CPU
		{6E77D3F2-2A0D-4B72-A714-48584AC8A647}.Release|Any CPU.Build.0 = Release|Any CPU
		{E29A0CA8-9031-4573-B535-6B36782B2C6D}.Debug|Any CPU.ActiveCfg = Debug|Any CPU
		{E29A0CA8-9031-4573-B535-6B36782B2C6D}.Debug|Any CPU.Build.0 = Debug|Any CPU
		{E29A0CA8-9031-4573-B535-6B36782B2C6D}.Release|Any CPU.ActiveCfg = Release|Any CPU
		{E29A0CA8-9031-4573-B535-6B36782B2C6D}.Release|Any CPU.Build.0 = Release|Any CPU
		{4F7EA332-D8D5-418A-B009-38370DD1F021}.Debug|Any CPU.ActiveCfg = Debug|Any CPU
		{4F7EA332-D8D5-418A-B009-38370DD1F021}.Debug|Any CPU.Build.0 = Debug|Any CPU
		{4F7EA332-D8D5-418A-B009-38370DD1F021}.Release|Any CPU.ActiveCfg = Release|Any CPU
		{4F7EA332-D8D5-418A-B009-38370DD1F021}.Release|Any CPU.Build.0 = Release|Any CPU
		{1B238C01-3865-4AB6-A5E6-C080E648A68F}.Debug|Any CPU.ActiveCfg = Debug|Any CPU
		{1B238C01-3865-4AB6-A5E6-C080E648A68F}.Debug|Any CPU.Build.0 = Debug|Any CPU
		{1B238C01-3865-4AB6-A5E6-C080E648A68F}.Release|Any CPU.ActiveCfg = Release|Any CPU
		{1B238C01-3865-4AB6-A5E6-C080E648A68F}.Release|Any CPU.Build.0 = Release|Any CPU
	EndGlobalSection
	GlobalSection(SolutionProperties) = preSolution
		HideSolutionNode = FALSE
	EndGlobalSection
	GlobalSection(ExtensibilityGlobals) = postSolution
		SolutionGuid = {7FC3732D-96A0-4040-B8B8-0A3A1BC2C2B5}
	EndGlobalSection
EndGlobal
